
Microsoft Visual Studio Solution File, Format Version 12.00
# Visual Studio Version 16
VisualStudioVersion = 16.0.28803.202
MinimumVisualStudioVersion = 10.0.40219.1
Project("{FAE04EC0-301F-11D3-BF4B-00C04F79EFBC}") = "WebApiJQueryCall", "WebApiJQueryCall\WebApiJQueryCall.csproj", "{F26688D8-4918-4CFB-B860-14D1BB63DD52}"
EndProject
Project("{FAE04EC0-301F-11D3-BF4B-00C04F79EFBC}") = "BirdsFacade", "BirdsFacade\BirdsFacade.csproj", "{453B0F8A-9B86-4B68-B7DA-956E1BEAA783}"
EndProject
Project("{FAE04EC0-301F-11D3-BF4B-00C04F79EFBC}") = "ClientApplication", "ClientApplication\ClientApplication.csproj", "{6F84D1CB-A05E-4711-800C-D91DDC6F7DBE}"
EndProject
Global
	GlobalSection(SolutionConfigurationPlatforms) = preSolution
		Debug|Any CPU = Debug|Any CPU
		Release|Any CPU = Release|Any CPU
	EndGlobalSection
	GlobalSection(ProjectConfigurationPlatforms) = postSolution
		{F26688D8-4918-4CFB-B860-14D1BB63DD52}.Debug|Any CPU.ActiveCfg = Debug|Any CPU
		{F26688D8-4918-4CFB-B860-14D1BB63DD52}.Debug|Any CPU.Build.0 = Debug|Any CPU
		{F26688D8-4918-4CFB-B860-14D1BB63DD52}.Release|Any CPU.ActiveCfg = Release|Any CPU
		{F26688D8-4918-4CFB-B860-14D1BB63DD52}.Release|Any CPU.Build.0 = Release|Any CPU
		{453B0F8A-9B86-4B68-B7DA-956E1BEAA783}.Debug|Any CPU.ActiveCfg = Debug|Any CPU
		{453B0F8A-9B86-4B68-B7DA-956E1BEAA783}.Debug|Any CPU.Build.0 = Debug|Any CPU
		{453B0F8A-9B86-4B68-B7DA-956E1BEAA783}.Release|Any CPU.ActiveCfg = Release|Any CPU
		{453B0F8A-9B86-4B68-B7DA-956E1BEAA783}.Release|Any CPU.Build.0 = Release|Any CPU
		{6F84D1CB-A05E-4711-800C-D91DDC6F7DBE}.Debug|Any CPU.ActiveCfg = Debug|Any CPU
		{6F84D1CB-A05E-4711-800C-D91DDC6F7DBE}.Debug|Any CPU.Build.0 = Debug|Any CPU
		{6F84D1CB-A05E-4711-800C-D91DDC6F7DBE}.Release|Any CPU.ActiveCfg = Release|Any CPU
		{6F84D1CB-A05E-4711-800C-D91DDC6F7DBE}.Release|Any CPU.Build.0 = Release|Any CPU
	EndGlobalSection
	GlobalSection(SolutionProperties) = preSolution
		HideSolutionNode = FALSE
	EndGlobalSection
	GlobalSection(ExtensibilityGlobals) = postSolution
		SolutionGuid = {329BD6FB-11F9-4450-8B1C-569018545E9A}
	EndGlobalSection
EndGlobal
