
Microsoft Visual Studio Solution File, Format Version 12.00
# Visual Studio 15
VisualStudioVersion = 15.0.28307.438
MinimumVisualStudioVersion = 10.0.40219.1
Project("{FAE04EC0-301F-11D3-BF4B-00C04F79EFBC}") = "WebAPISQL", "WebAPISQL\WebAPISQL.csproj", "{2CD7F31D-F4C6-4D76-A9E1-C8BAB2A16053}"
EndProject
Project("{FAE04EC0-301F-11D3-BF4B-00C04F79EFBC}") = "EmployeeDataAdapter", "EmployeeDataAdapter\EmployeeDataAdapter.csproj", "{C10110EB-FAED-4E09-BC96-09E36C899E70}"
EndProject
Global
	GlobalSection(SolutionConfigurationPlatforms) = preSolution
		Debug|Any CPU = Debug|Any CPU
		Release|Any CPU = Release|Any CPU
	EndGlobalSection
	GlobalSection(ProjectConfigurationPlatforms) = postSolution
		{2CD7F31D-F4C6-4D76-A9E1-C8BAB2A16053}.Debug|Any CPU.ActiveCfg = Debug|Any CPU
		{2CD7F31D-F4C6-4D76-A9E1-C8BAB2A16053}.Debug|Any CPU.Build.0 = Debug|Any CPU
		{2CD7F31D-F4C6-4D76-A9E1-C8BAB2A16053}.Release|Any CPU.ActiveCfg = Release|Any CPU
		{2CD7F31D-F4C6-4D76-A9E1-C8BAB2A16053}.Release|Any CPU.Build.0 = Release|Any CPU
		{C10110EB-FAED-4E09-BC96-09E36C899E70}.Debug|Any CPU.ActiveCfg = Debug|Any CPU
		{C10110EB-FAED-4E09-BC96-09E36C899E70}.Debug|Any CPU.Build.0 = Debug|Any CPU
		{C10110EB-FAED-4E09-BC96-09E36C899E70}.Release|Any CPU.ActiveCfg = Release|Any CPU
		{C10110EB-FAED-4E09-BC96-09E36C899E70}.Release|Any CPU.Build.0 = Release|Any CPU
	EndGlobalSection
	GlobalSection(SolutionProperties) = preSolution
		HideSolutionNode = FALSE
	EndGlobalSection
	GlobalSection(ExtensibilityGlobals) = postSolution
		SolutionGuid = {4CEE543B-697B-4FD0-B964-B0A16934CD45}
	EndGlobalSection
EndGlobal
